// !$*UTF8*$!
{
	archiveVersion = 1;
	classes = {
	};
	objectVersion = 77;
	objects = {

/* Begin PBXBuildFile section */
		00E7530A61433D887792A791 /* ActivityDetailView.swift in Sources */ = {isa = PBXBuildFile; fileRef = 823002CF51B8012DFFBBD0C4 /* ActivityDetailView.swift */; };
		041293E72291FF412C74C833 /* MainTabView.swift in Sources */ = {isa = PBXBuildFile; fileRef = 03EDCB6B381188D41FBDA889 /* MainTabView.swift */; };
		04E6C95BBC878D5A43812BD5 /* GoogleGenerativeAI in Frameworks */ = {isa = PBXBuildFile; productRef = A9227F637177C7D00239EFC9 /* GoogleGenerativeAI */; };
		070AFFFF7CBDD54E2BCC79E9 /* FirebaseAuth in Frameworks */ = {isa = PBXBuildFile; productRef = 11320CFF9AD99FB9B33A171F /* FirebaseAuth */; };
		0E456C785DDED24AAA2545E3 /* HeartRateView.swift in Sources */ = {isa = PBXBuildFile; fileRef = A835FDDEAE4D5686801D7907 /* HeartRateView.swift */; };
		229E9FFE11872D6BCCAEBC4A /* SleepDetailView.swift in Sources */ = {isa = PBXBuildFile; fileRef = C02E9E118F43069201BC665B /* SleepDetailView.swift */; };
		2F8E20D4140BBFC64A05EA4D /* AuthViewModel.swift in Sources */ = {isa = PBXBuildFile; fileRef = 870A7EB507EA9D9C15343C6D /* AuthViewModel.swift */; };
		32A3892B8D08F327CC6A8E24 /* InsightDetailView.swift in Sources */ = {isa = PBXBuildFile; fileRef = 24976F33A5E2AF64ACF89603 /* InsightDetailView.swift */; };
		342179F5F0AF6C526B1DD868 /* SleepData.swift in Sources */ = {isa = PBXBuildFile; fileRef = 5174668A751E9850C0AA4BE8 /* SleepData.swift */; };
		3570BB6DD2F2D88653EB4200 /* View+Extensions.swift in Sources */ = {isa = PBXBuildFile; fileRef = 2A928A52DA7A12A925A80B2D /* View+Extensions.swift */; };
		4819430B08752413A0FC66F9 /* AuthService.swift in Sources */ = {isa = PBXBuildFile; fileRef = 3BA57514561060420884C66A /* AuthService.swift */; };
		491E456CDD4691138CAAE946 /* Color+Extensions.swift in Sources */ = {isa = PBXBuildFile; fileRef = 1644DB3CF48E4B73BFAFA44E /* Color+Extensions.swift */; };
		4C9125FD43A750E06CA52F66 /* AIInsightsView.swift in Sources */ = {isa = PBXBuildFile; fileRef = C6CF2C210B7D829F6B1CFA2D /* AIInsightsView.swift */; };
		55ADE3701BB320BB4E9A0F47 /* DashboardView.swift in Sources */ = {isa = PBXBuildFile; fileRef = 9D671DECC6C2AA1108E82587 /* DashboardView.swift */; };
		5ABE4FFC8810AF2542276E3E /* OnboardingView.swift in Sources */ = {isa = PBXBuildFile; fileRef = 9B225065FB104CC9945F9B50 /* OnboardingView.swift */; };
		5C070386196533CA8695FC3A /* FirebaseFirestore in Frameworks */ = {isa = PBXBuildFile; productRef = 4B3FB968E49E3154822A1E98 /* FirebaseFirestore */; };
		5D77BCED321FF73A6B33779B /* RecoveryView.swift in Sources */ = {isa = PBXBuildFile; fileRef = 8E4A5A82E3B1AF7C9FC1C750 /* RecoveryView.swift */; };
		683F21CD99F68D64C800279D /* HealthKitService.swift in Sources */ = {isa = PBXBuildFile; fileRef = 5C6402371BBE710B9576CE71 /* HealthKitService.swift */; };
		6F2F6A77D8ADF0EA6B65CC85 /* Date+Extensions.swift in Sources */ = {isa = PBXBuildFile; fileRef = D05C6CFBCED8CE9D48067D96 /* Date+Extensions.swift */; };
		71311687FF52320071283143 /* User.swift in Sources */ = {isa = PBXBuildFile; fileRef = C33B9EAF5683295B05B92B11 /* User.swift */; };
		7132C308EFBB2803E29BEDE2 /* AIChatView.swift in Sources */ = {isa = PBXBuildFile; fileRef = 23660A1BCCF0C101287159B7 /* AIChatView.swift */; };
		7248A8876BA47F9A5EE9E219 /* AIViewModel.swift in Sources */ = {isa = PBXBuildFile; fileRef = 739E840B05D65B59F441B0F1 /* AIViewModel.swift */; };
		73047FCFCE03CC92B552647E /* HealthMetric.swift in Sources */ = {isa = PBXBuildFile; fileRef = 71CBC30BE6939B2DD44A778A /* HealthMetric.swift */; };
		774A1D9F9C537E2A65788BA4 /* MetricCardView.swift in Sources */ = {isa = PBXBuildFile; fileRef = 6F87F4CA0BD5792E905CB0C0 /* MetricCardView.swift */; };
		7B292E887D41E321F728AEEB /* LoginView.swift in Sources */ = {isa = PBXBuildFile; fileRef = A88400A4630393D47E9DF160 /* LoginView.swift */; };
		8B1E9ADC2E23ED5656352E26 /* iOSHealthApp.swift in Sources */ = {isa = PBXBuildFile; fileRef = 78A3416C953ADD2D80C26FDA /* iOSHealthApp.swift */; };
		90659BE6DF496D9F75F5B41D /* SettingsView.swift in Sources */ = {isa = PBXBuildFile; fileRef = 3CF5E2AC64B267761B8A1BE6 /* SettingsView.swift */; };
		994BCF0A67502C627D3F6157 /* SettingsViewModel.swift in Sources */ = {isa = PBXBuildFile; fileRef = A0DC97B904CD5638FD6A4B1F /* SettingsViewModel.swift */; };
		9A6801E5F8D3CE31878C0AC0 /* HeartData.swift in Sources */ = {isa = PBXBuildFile; fileRef = 515EF99771129CFC404AD187 /* HeartData.swift */; };
		BE9862500C9669DE39216E6E /* AuthNavigationView.swift in Sources */ = {isa = PBXBuildFile; fileRef = 5546C55FB75D371383288485 /* AuthNavigationView.swift */; };
		C65C150F064058C65F471706 /* FirestoreService.swift in Sources */ = {isa = PBXBuildFile; fileRef = 879F0E44322D9B52D5F52855 /* FirestoreService.swift */; };
		C7640800CD2BC6AA7711E28A /* AIInsight.swift in Sources */ = {isa = PBXBuildFile; fileRef = 05BC56489E269D049E91D458 /* AIInsight.swift */; };
		CDAF1114F5F904AA3420ABE9 /* iOSHealthTests.swift in Sources */ = {isa = PBXBuildFile; fileRef = EE27E50567EE07D8BA58CEF5 /* iOSHealthTests.swift */; };
		D4D44C9C39D2E48800CE2930 /* AppCoordinator.swift in Sources */ = {isa = PBXBuildFile; fileRef = B8247D0C5B54C20A31362772 /* AppCoordinator.swift */; };
		D9F3FB5AB4E24120CE9B305F /* Assets.xcassets in Resources */ = {isa = PBXBuildFile; fileRef = BAD3F324C989C2D855235BC2 /* Assets.xcassets */; };
		GOOGLESERVICE00000000002 /* GoogleService-Info.plist in Resources */ = {isa = PBXBuildFile; fileRef = GOOGLESERVICE00000000001 /* GoogleService-Info.plist */; };
		DCA7D2DF071B78323C246361 /* SignUpView.swift in Sources */ = {isa = PBXBuildFile; fileRef = 3B47A8B59C06E790E3D70E29 /* SignUpView.swift */; };
		DE479DFEF5D728C576C34245 /* DashboardViewModel.swift in Sources */ = {isa = PBXBuildFile; fileRef = 21F1791DCABBD08BACEE6A99 /* DashboardViewModel.swift */; };
		DFA9B9F10D303B2E61EA557D /* iOSHealthUITests.swift in Sources */ = {isa = PBXBuildFile; fileRef = 81E00A4CED80E50007368FEF /* iOSHealthUITests.swift */; };
		E34E7940A4443247CF27CD88 /* GeminiService.swift in Sources */ = {isa = PBXBuildFile; fileRef = D2A864DFADE61F78FC9A95EA /* GeminiService.swift */; };
		E6BA056C906C7E34C9C24FA1 /* InsightCardView.swift in Sources */ = {isa = PBXBuildFile; fileRef = 8FEB2C017FAB107F389A4644 /* InsightCardView.swift */; };
		E71305A85CA1F517248632F0 /* SyncService.swift in Sources */ = {isa = PBXBuildFile; fileRef = E1BF4BFC327C876657175900 /* SyncService.swift */; };
		F5AFF4F87EB66679C3AC5EDD /* APIConfig.swift in Sources */ = {isa = PBXBuildFile; fileRef = F045A7F48EDFF3D5363BEF2B /* APIConfig.swift */; };
		F6E07336ACDEAF6A7261F9E0 /* ActivityData.swift in Sources */ = {isa = PBXBuildFile; fileRef = 45EE84F97C0E0BF164072B55 /* ActivityData.swift */; };
		FC00EB00B091947A45BCE1E7 /* HealthViewModel.swift in Sources */ = {isa = PBXBuildFile; fileRef = 2E5E4E1E135EC8BF5AD7C76A /* HealthViewModel.swift */; };
		FD31793BA141ADB16703DE43 /* TrendChartView.swift in Sources */ = {isa = PBXBuildFile; fileRef = CDFD1257864B2758A919615A /* TrendChartView.swift */; };
/* End PBXBuildFile section */

/* Begin PBXContainerItemProxy section */
		008A136D00EE7E801F48ED96 /* PBXContainerItemProxy */ = {
			isa = PBXContainerItemProxy;
			containerPortal = 44865E16E03E054FE2EE58C4 /* Project object */;
			proxyType = 1;
			remoteGlobalIDString = 7E21BF6B1E40F800A02BD93D;
			remoteInfo = iOSHealth;
		};
		476CF1BE760D8054027EFCAB /* PBXContainerItemProxy */ = {
			isa = PBXContainerItemProxy;
			containerPortal = 44865E16E03E054FE2EE58C4 /* Project object */;
			proxyType = 1;
			remoteGlobalIDString = 7E21BF6B1E40F800A02BD93D;
			remoteInfo = iOSHealth;
		};
/* End PBXContainerItemProxy section */

/* Begin PBXFileReference section */
		03EDCB6B381188D41FBDA889 /* MainTabView.swift */ = {isa = PBXFileReference; lastKnownFileType = sourcecode.swift; path = MainTabView.swift; sourceTree = "<group>"; };
		05BC56489E269D049E91D458 /* AIInsight.swift */ = {isa = PBXFileReference; lastKnownFileType = sourcecode.swift; path = AIInsight.swift; sourceTree = "<group>"; };
		1644DB3CF48E4B73BFAFA44E /* Color+Extensions.swift */ = {isa = PBXFileReference; lastKnownFileType = sourcecode.swift; path = "Color+Extensions.swift"; sourceTree = "<group>"; };
		2001DDACFEB27159D1B7C5FE /* iOSHealth.app */ = {isa = PBXFileReference; includeInIndex = 0; lastKnownFileType = wrapper.application; path = iOSHealth.app; sourceTree = BUILT_PRODUCTS_DIR; };
		21F1791DCABBD08BACEE6A99 /* DashboardViewModel.swift */ = {isa = PBXFileReference; lastKnownFileType = sourcecode.swift; path = DashboardViewModel.swift; sourceTree = "<group>"; };
		23660A1BCCF0C101287159B7 /* AIChatView.swift */ = {isa = PBXFileReference; lastKnownFileType = sourcecode.swift; path = AIChatView.swift; sourceTree = "<group>"; };
		24976F33A5E2AF64ACF89603 /* InsightDetailView.swift */ = {isa = PBXFileReference; lastKnownFileType = sourcecode.swift; path = InsightDetailView.swift; sourceTree = "<group>"; };
		2A928A52DA7A12A925A80B2D /* View+Extensions.swift */ = {isa = PBXFileReference; lastKnownFileType = sourcecode.swift; path = "View+Extensions.swift"; sourceTree = "<group>"; };
		2E5E4E1E135EC8BF5AD7C76A /* HealthViewModel.swift */ = {isa = PBXFileReference; lastKnownFileType = sourcecode.swift; path = HealthViewModel.swift; sourceTree = "<group>"; };
		3B47A8B59C06E790E3D70E29 /* SignUpView.swift */ = {isa = PBXFileReference; lastKnownFileType = sourcecode.swift; path = SignUpView.swift; sourceTree = "<group>"; };
		3BA57514561060420884C66A /* AuthService.swift */ = {isa = PBXFileReference; lastKnownFileType = sourcecode.swift; path = AuthService.swift; sourceTree = "<group>"; };
		3CAF478C66CD6A804AF1A09B /* Info.plist */ = {isa = PBXFileReference; lastKnownFileType = text.plist; path = Info.plist; sourceTree = "<group>"; };
		3CF5E2AC64B267761B8A1BE6 /* SettingsView.swift */ = {isa = PBXFileReference; lastKnownFileType = sourcecode.swift; path = SettingsView.swift; sourceTree = "<group>"; };
		3D03927C8751EC1C8AA02AF2 /* iOSHealth.entitlements */ = {isa = PBXFileReference; lastKnownFileType = text.plist.entitlements; path = iOSHealth.entitlements; sourceTree = "<group>"; };
		45EE84F97C0E0BF164072B55 /* ActivityData.swift */ = {isa = PBXFileReference; lastKnownFileType = sourcecode.swift; path = ActivityData.swift; sourceTree = "<group>"; };
		515EF99771129CFC404AD187 /* HeartData.swift */ = {isa = PBXFileReference; lastKnownFileType = sourcecode.swift; path = HeartData.swift; sourceTree = "<group>"; };
		5174668A751E9850C0AA4BE8 /* SleepData.swift */ = {isa = PBXFileReference; lastKnownFileType = sourcecode.swift; path = SleepData.swift; sourceTree = "<group>"; };
		5546C55FB75D371383288485 /* AuthNavigationView.swift */ = {isa = PBXFileReference; lastKnownFileType = sourcecode.swift; path = AuthNavigationView.swift; sourceTree = "<group>"; };
		5C6402371BBE710B9576CE71 /* HealthKitService.swift */ = {isa = PBXFileReference; lastKnownFileType = sourcecode.swift; path = HealthKitService.swift; sourceTree = "<group>"; };
		6F87F4CA0BD5792E905CB0C0 /* MetricCardView.swift */ = {isa = PBXFileReference; lastKnownFileType = sourcecode.swift; path = MetricCardView.swift; sourceTree = "<group>"; };
		71CBC30BE6939B2DD44A778A /* HealthMetric.swift */ = {isa = PBXFileReference; lastKnownFileType = sourcecode.swift; path = HealthMetric.swift; sourceTree = "<group>"; };
		739E840B05D65B59F441B0F1 /* AIViewModel.swift */ = {isa = PBXFileReference; lastKnownFileType = sourcecode.swift; path = AIViewModel.swift; sourceTree = "<group>"; };
		78A3416C953ADD2D80C26FDA /* iOSHealthApp.swift */ = {isa = PBXFileReference; lastKnownFileType = sourcecode.swift; path = iOSHealthApp.swift; sourceTree = "<group>"; };
		81E00A4CED80E50007368FEF /* iOSHealthUITests.swift */ = {isa = PBXFileReference; lastKnownFileType = sourcecode.swift; path = iOSHealthUITests.swift; sourceTree = "<group>"; };
		823002CF51B8012DFFBBD0C4 /* ActivityDetailView.swift */ = {isa = PBXFileReference; lastKnownFileType = sourcecode.swift; path = ActivityDetailView.swift; sourceTree = "<group>"; };
		870A7EB507EA9D9C15343C6D /* AuthViewModel.swift */ = {isa = PBXFileReference; lastKnownFileType = sourcecode.swift; path = AuthViewModel.swift; sourceTree = "<group>"; };
		879F0E44322D9B52D5F52855 /* FirestoreService.swift */ = {isa = PBXFileReference; lastKnownFileType = sourcecode.swift; path = FirestoreService.swift; sourceTree = "<group>"; };
		8E4A5A82E3B1AF7C9FC1C750 /* RecoveryView.swift */ = {isa = PBXFileReference; lastKnownFileType = sourcecode.swift; path = RecoveryView.swift; sourceTree = "<group>"; };
		8FEB2C017FAB107F389A4644 /* InsightCardView.swift */ = {isa = PBXFileReference; lastKnownFileType = sourcecode.swift; path = InsightCardView.swift; sourceTree = "<group>"; };
		98FA3F57CFE998D13FCABF39 /* iOSHealthTests.xctest */ = {isa = PBXFileReference; includeInIndex = 0; lastKnownFileType = wrapper.cfbundle; path = iOSHealthTests.xctest; sourceTree = BUILT_PRODUCTS_DIR; };
		9B225065FB104CC9945F9B50 /* OnboardingView.swift */ = {isa = PBXFileReference; lastKnownFileType = sourcecode.swift; path = OnboardingView.swift; sourceTree = "<group>"; };
		9D671DECC6C2AA1108E82587 /* DashboardView.swift */ = {isa = PBXFileReference; lastKnownFileType = sourcecode.swift; path = DashboardView.swift; sourceTree = "<group>"; };
		A0DC97B904CD5638FD6A4B1F /* SettingsViewModel.swift */ = {isa = PBXFileReference; lastKnownFileType = sourcecode.swift; path = SettingsViewModel.swift; sourceTree = "<group>"; };
		A835FDDEAE4D5686801D7907 /* HeartRateView.swift */ = {isa = PBXFileReference; lastKnownFileType = sourcecode.swift; path = HeartRateView.swift; sourceTree = "<group>"; };
		A88400A4630393D47E9DF160 /* LoginView.swift */ = {isa = PBXFileReference; lastKnownFileType = sourcecode.swift; path = LoginView.swift; sourceTree = "<group>"; };
		B8247D0C5B54C20A31362772 /* AppCoordinator.swift */ = {isa = PBXFileReference; lastKnownFileType = sourcecode.swift; path = AppCoordinator.swift; sourceTree = "<group>"; };
		BAD3F324C989C2D855235BC2 /* Assets.xcassets */ = {isa = PBXFileReference; lastKnownFileType = folder.assetcatalog; path = Assets.xcassets; sourceTree = "<group>"; };
		C02E9E118F43069201BC665B /* SleepDetailView.swift */ = {isa = PBXFileReference; lastKnownFileType = sourcecode.swift; path = SleepDetailView.swift; sourceTree = "<group>"; };
		C33B9EAF5683295B05B92B11 /* User.swift */ = {isa = PBXFileReference; lastKnownFileType = sourcecode.swift; path = User.swift; sourceTree = "<group>"; };
		C6CF2C210B7D829F6B1CFA2D /* AIInsightsView.swift */ = {isa = PBXFileReference; lastKnownFileType = sourcecode.swift; path = AIInsightsView.swift; sourceTree = "<group>"; };
		CDFD1257864B2758A919615A /* TrendChartView.swift */ = {isa = PBXFileReference; lastKnownFileType = sourcecode.swift; path = TrendChartView.swift; sourceTree = "<group>"; };
		D05C6CFBCED8CE9D48067D96 /* Date+Extensions.swift */ = {isa = PBXFileReference; lastKnownFileType = sourcecode.swift; path = "Date+Extensions.swift"; sourceTree = "<group>"; };
		D2A864DFADE61F78FC9A95EA /* GeminiService.swift */ = {isa = PBXFileReference; lastKnownFileType = sourcecode.swift; path = GeminiService.swift; sourceTree = "<group>"; };
		E1BF4BFC327C876657175900 /* SyncService.swift */ = {isa = PBXFileReference; lastKnownFileType = sourcecode.swift; path = SyncService.swift; sourceTree = "<group>"; };
		EE27E50567EE07D8BA58CEF5 /* iOSHealthTests.swift */ = {isa = PBXFileReference; lastKnownFileType = sourcecode.swift; path = iOSHealthTests.swift; sourceTree = "<group>"; };
		F045A7F48EDFF3D5363BEF2B /* APIConfig.swift */ = {isa = PBXFileReference; lastKnownFileType = sourcecode.swift; path = APIConfig.swift; sourceTree = "<group>"; };
		FA958AAF6C728560837F19D6 /* iOSHealthUITests.xctest */ = {isa = PBXFileReference; includeInIndex = 0; lastKnownFileType = wrapper.cfbundle; path = iOSHealthUITests.xctest; sourceTree = BUILT_PRODUCTS_DIR; };
/* End PBXFileReference section */

/* Begin PBXFrameworksBuildPhase section */
		159C0D2DCA4865A44323B35A /* Frameworks */ = {
			isa = PBXFrameworksBuildPhase;
			buildActionMask = 2147483647;
			files = (
				070AFFFF7CBDD54E2BCC79E9 /* FirebaseAuth in Frameworks */,
				5C070386196533CA8695FC3A /* FirebaseFirestore in Frameworks */,
				04E6C95BBC878D5A43812BD5 /* GoogleGenerativeAI in Frameworks */,
			);
			runOnlyForDeploymentPostprocessing = 0;
		};
/* End PBXFrameworksBuildPhase section */

/* Begin PBXGroup section */
		0E3E876F8BB105296611A420 /* Products */ = {
			isa = PBXGroup;
			children = (
				2001DDACFEB27159D1B7C5FE /* iOSHealth.app */,
				98FA3F57CFE998D13FCABF39 /* iOSHealthTests.xctest */,
				FA958AAF6C728560837F19D6 /* iOSHealthUITests.xctest */,
			);
			name = Products;
			sourceTree = "<group>";
		};
		123A365BB68573BCEDACEF61 /* Health */ = {
			isa = PBXGroup;
			children = (
				F9A26FA8648852407873EC64 /* ViewModels */,
				F78D7DC376278BB41B9CC4D6 /* Views */,
			);
			path = Health;
			sourceTree = "<group>";
		};
		22176BED8B2760C348C6298B /* ViewModels */ = {
			isa = PBXGroup;
			children = (
				A0DC97B904CD5638FD6A4B1F /* SettingsViewModel.swift */,
			);
			path = ViewModels;
			sourceTree = "<group>";
		};
		24B7C6026C59FCF777F4C85F /* iOSHealthUITests */ = {
			isa = PBXGroup;
			children = (
				81E00A4CED80E50007368FEF /* iOSHealthUITests.swift */,
			);
			path = iOSHealthUITests;
			sourceTree = "<group>";
		};
		2516183BFF2954944ED16783 /* Resources */ = {
			isa = PBXGroup;
			children = (
				BAD3F324C989C2D855235BC2 /* Assets.xcassets */,
				3CAF478C66CD6A804AF1A09B /* Info.plist */,
				GOOGLESERVICE00000000001 /* GoogleService-Info.plist */,
			);
			path = Resources;
			sourceTree = "<group>";
		};
		313A77F71650B21489125F92 = {
			isa = PBXGroup;
			children = (
				A11557625EA7F8CFD49022B4 /* iOSHealth */,
				8263FEB46F7C76BABD52A6FA /* iOSHealthTests */,
				24B7C6026C59FCF777F4C85F /* iOSHealthUITests */,
				0E3E876F8BB105296611A420 /* Products */,
			);
			sourceTree = "<group>";
		};
		5CC77464192ADA22CECAA9C4 /* Services */ = {
			isa = PBXGroup;
			children = (
				3BA57514561060420884C66A /* AuthService.swift */,
				879F0E44322D9B52D5F52855 /* FirestoreService.swift */,
				D2A864DFADE61F78FC9A95EA /* GeminiService.swift */,
				5C6402371BBE710B9576CE71 /* HealthKitService.swift */,
				E1BF4BFC327C876657175900 /* SyncService.swift */,
			);
			path = Services;
			sourceTree = "<group>";
		};
		683F1CA3779EFB05E5BCC45B /* ViewModels */ = {
			isa = PBXGroup;
			children = (
				870A7EB507EA9D9C15343C6D /* AuthViewModel.swift */,
			);
			path = ViewModels;
			sourceTree = "<group>";
		};
		693E7E23E198CCBB655A9C68 /* Dashboard */ = {
			isa = PBXGroup;
			children = (
				B4F35F2B2D0F04BC2C5DA2FF /* ViewModels */,
				E5897B170605C5B6C1C6FB40 /* Views */,
			);
			path = Dashboard;
			sourceTree = "<group>";
		};
		6CB6FD8EF549DF8B3E1FE554 /* Supporting */ = {
			isa = PBXGroup;
			children = (
				F045A7F48EDFF3D5363BEF2B /* APIConfig.swift */,
			);
			path = Supporting;
			sourceTree = "<group>";
		};
		8263FEB46F7C76BABD52A6FA /* iOSHealthTests */ = {
			isa = PBXGroup;
			children = (
				EE27E50567EE07D8BA58CEF5 /* iOSHealthTests.swift */,
			);
			path = iOSHealthTests;
			sourceTree = "<group>";
		};
		8941B5A7F58CE793755E1244 /* Views */ = {
			isa = PBXGroup;
			children = (
				5546C55FB75D371383288485 /* AuthNavigationView.swift */,
				A88400A4630393D47E9DF160 /* LoginView.swift */,
				9B225065FB104CC9945F9B50 /* OnboardingView.swift */,
				3B47A8B59C06E790E3D70E29 /* SignUpView.swift */,
			);
			path = Views;
			sourceTree = "<group>";
		};
		A11557625EA7F8CFD49022B4 /* iOSHealth */ = {
			isa = PBXGroup;
			children = (
				3D03927C8751EC1C8AA02AF2 /* iOSHealth.entitlements */,
				DD944EAAA6047C53DDA0250D /* App */,
				C543C0AAF15D67F3A3A1E203 /* Core */,
				C1FC23DDBC2751C3259238E9 /* Features */,
				2516183BFF2954944ED16783 /* Resources */,
				6CB6FD8EF549DF8B3E1FE554 /* Supporting */,
			);
			path = iOSHealth;
			sourceTree = "<group>";
		};
		B4F35F2B2D0F04BC2C5DA2FF /* ViewModels */ = {
			isa = PBXGroup;
			children = (
				21F1791DCABBD08BACEE6A99 /* DashboardViewModel.swift */,
			);
			path = ViewModels;
			sourceTree = "<group>";
		};
		B842CC63E35ECF7F6E4B099D /* Views */ = {
			isa = PBXGroup;
			children = (
				23660A1BCCF0C101287159B7 /* AIChatView.swift */,
				C6CF2C210B7D829F6B1CFA2D /* AIInsightsView.swift */,
				8FEB2C017FAB107F389A4644 /* InsightCardView.swift */,
				24976F33A5E2AF64ACF89603 /* InsightDetailView.swift */,
			);
			path = Views;
			sourceTree = "<group>";
		};
		BA549342C79C35432157EA33 /* AI */ = {
			isa = PBXGroup;
			children = (
				E7BE1F71FDBB2E86B69B6646 /* ViewModels */,
				B842CC63E35ECF7F6E4B099D /* Views */,
			);
			path = AI;
			sourceTree = "<group>";
		};
		C1FC23DDBC2751C3259238E9 /* Features */ = {
			isa = PBXGroup;
			children = (
				BA549342C79C35432157EA33 /* AI */,
				E60D1492F488CEC4C3B9498D /* Auth */,
				693E7E23E198CCBB655A9C68 /* Dashboard */,
				123A365BB68573BCEDACEF61 /* Health */,
				FED205D7B8EC8F743EB35BC7 /* Settings */,
			);
			path = Features;
			sourceTree = "<group>";
		};
		C543C0AAF15D67F3A3A1E203 /* Core */ = {
			isa = PBXGroup;
			children = (
				CEA9497D67201F951E5507BA /* Extensions */,
				F5D64DD07F7B584C98A30FA2 /* Models */,
				5CC77464192ADA22CECAA9C4 /* Services */,
			);
			path = Core;
			sourceTree = "<group>";
		};
		CEA9497D67201F951E5507BA /* Extensions */ = {
			isa = PBXGroup;
			children = (
				1644DB3CF48E4B73BFAFA44E /* Color+Extensions.swift */,
				D05C6CFBCED8CE9D48067D96 /* Date+Extensions.swift */,
				2A928A52DA7A12A925A80B2D /* View+Extensions.swift */,
			);
			path = Extensions;
			sourceTree = "<group>";
		};
		DD944EAAA6047C53DDA0250D /* App */ = {
			isa = PBXGroup;
			children = (
				B8247D0C5B54C20A31362772 /* AppCoordinator.swift */,
				78A3416C953ADD2D80C26FDA /* iOSHealthApp.swift */,
			);
			path = App;
			sourceTree = "<group>";
		};
		E5897B170605C5B6C1C6FB40 /* Views */ = {
			isa = PBXGroup;
			children = (
				9D671DECC6C2AA1108E82587 /* DashboardView.swift */,
				03EDCB6B381188D41FBDA889 /* MainTabView.swift */,
				6F87F4CA0BD5792E905CB0C0 /* MetricCardView.swift */,
				CDFD1257864B2758A919615A /* TrendChartView.swift */,
			);
			path = Views;
			sourceTree = "<group>";
		};
		E60D1492F488CEC4C3B9498D /* Auth */ = {
			isa = PBXGroup;
			children = (
				683F1CA3779EFB05E5BCC45B /* ViewModels */,
				8941B5A7F58CE793755E1244 /* Views */,
			);
			path = Auth;
			sourceTree = "<group>";
		};
		E7BE1F71FDBB2E86B69B6646 /* ViewModels */ = {
			isa = PBXGroup;
			children = (
				739E840B05D65B59F441B0F1 /* AIViewModel.swift */,
			);
			path = ViewModels;
			sourceTree = "<group>";
		};
		F5D64DD07F7B584C98A30FA2 /* Models */ = {
			isa = PBXGroup;
			children = (
				45EE84F97C0E0BF164072B55 /* ActivityData.swift */,
				05BC56489E269D049E91D458 /* AIInsight.swift */,
				71CBC30BE6939B2DD44A778A /* HealthMetric.swift */,
				515EF99771129CFC404AD187 /* HeartData.swift */,
				5174668A751E9850C0AA4BE8 /* SleepData.swift */,
				C33B9EAF5683295B05B92B11 /* User.swift */,
			);
			path = Models;
			sourceTree = "<group>";
		};
		F78D7DC376278BB41B9CC4D6 /* Views */ = {
			isa = PBXGroup;
			children = (
				823002CF51B8012DFFBBD0C4 /* ActivityDetailView.swift */,
				A835FDDEAE4D5686801D7907 /* HeartRateView.swift */,
				8E4A5A82E3B1AF7C9FC1C750 /* RecoveryView.swift */,
				C02E9E118F43069201BC665B /* SleepDetailView.swift */,
			);
			path = Views;
			sourceTree = "<group>";
		};
		F8EEA7A53FDAF169914377A6 /* Views */ = {
			isa = PBXGroup;
			children = (
				3CF5E2AC64B267761B8A1BE6 /* SettingsView.swift */,
			);
			path = Views;
			sourceTree = "<group>";
		};
		F9A26FA8648852407873EC64 /* ViewModels */ = {
			isa = PBXGroup;
			children = (
				2E5E4E1E135EC8BF5AD7C76A /* HealthViewModel.swift */,
			);
			path = ViewModels;
			sourceTree = "<group>";
		};
		FED205D7B8EC8F743EB35BC7 /* Settings */ = {
			isa = PBXGroup;
			children = (
				22176BED8B2760C348C6298B /* ViewModels */,
				F8EEA7A53FDAF169914377A6 /* Views */,
			);
			path = Settings;
			sourceTree = "<group>";
		};
/* End PBXGroup section */

/* Begin PBXNativeTarget section */
		16328C8352CD30B1129E17F5 /* iOSHealthTests */ = {
			isa = PBXNativeTarget;
			buildConfigurationList = BD1F10A7550EFEF9957C1661 /* Build configuration list for PBXNativeTarget "iOSHealthTests" */;
			buildPhases = (
				B162289A50A04958B92B9AE3 /* Sources */,
			);
			buildRules = (
			);
			dependencies = (
				5F2ED3D751ED67513BC01929 /* PBXTargetDependency */,
			);
			name = iOSHealthTests;
			packageProductDependencies = (
			);
			productName = iOSHealthTests;
			productReference = 98FA3F57CFE998D13FCABF39 /* iOSHealthTests.xctest */;
			productType = "com.apple.product-type.bundle.unit-test";
		};
		3007EFB724717ED0541790F7 /* iOSHealthUITests */ = {
			isa = PBXNativeTarget;
			buildConfigurationList = C88AF33BB442D246BB0A17E6 /* Build configuration list for PBXNativeTarget "iOSHealthUITests" */;
			buildPhases = (
				D4179A89F78A6043422C4B5C /* Sources */,
			);
			buildRules = (
			);
			dependencies = (
				C50E3732695A46BBFE1FE1FF /* PBXTargetDependency */,
			);
			name = iOSHealthUITests;
			packageProductDependencies = (
			);
			productName = iOSHealthUITests;
			productReference = FA958AAF6C728560837F19D6 /* iOSHealthUITests.xctest */;
			productType = "com.apple.product-type.bundle.ui-testing";
		};
		7E21BF6B1E40F800A02BD93D /* iOSHealth */ = {
			isa = PBXNativeTarget;
			buildConfigurationList = 1DF47CA971CD7D2DB0C2DF76 /* Build configuration list for PBXNativeTarget "iOSHealth" */;
			buildPhases = (
				A4D2E07A974442070E73B3A6 /* Sources */,
				F303CB09709548D5BA8581B3 /* Resources */,
				159C0D2DCA4865A44323B35A /* Frameworks */,
			);
			buildRules = (
			);
			dependencies = (
			);
			name = iOSHealth;
			packageProductDependencies = (
				11320CFF9AD99FB9B33A171F /* FirebaseAuth */,
				4B3FB968E49E3154822A1E98 /* FirebaseFirestore */,
				A9227F637177C7D00239EFC9 /* GoogleGenerativeAI */,
			);
			productName = iOSHealth;
			productReference = 2001DDACFEB27159D1B7C5FE /* iOSHealth.app */;
			productType = "com.apple.product-type.application";
		};
/* End PBXNativeTarget section */

/* Begin PBXProject section */
		44865E16E03E054FE2EE58C4 /* Project object */ = {
			isa = PBXProject;
			attributes = {
				BuildIndependentTargetsInParallel = YES;
				LastUpgradeCheck = 1500;
				TargetAttributes = {
					16328C8352CD30B1129E17F5 = {
						DevelopmentTeam = "";
						ProvisioningStyle = Automatic;
					};
					3007EFB724717ED0541790F7 = {
						DevelopmentTeam = "";
						ProvisioningStyle = Automatic;
						TestTargetID = 7E21BF6B1E40F800A02BD93D;
					};
					7E21BF6B1E40F800A02BD93D = {
						DevelopmentTeam = "";
						ProvisioningStyle = Automatic;
					};
				};
			};
			buildConfigurationList = E0E0955E47ACDEDCA405C69E /* Build configuration list for PBXProject "iOSHealth" */;
			compatibilityVersion = "Xcode 14.0";
			developmentRegion = en;
			hasScannedForEncodings = 0;
			knownRegions = (
				Base,
				en,
			);
			mainGroup = 313A77F71650B21489125F92;
			minimizedProjectReferenceProxies = 1;
			packageReferences = (
				CBE10243A14FDA770379A4CF /* XCRemoteSwiftPackageReference "firebase-ios-sdk" */,
				4C13B1DEC8FA2951AC1987C5 /* XCRemoteSwiftPackageReference "generative-ai-swift" */,
			);
			preferredProjectObjectVersion = 77;
			projectDirPath = "";
			projectRoot = "";
			targets = (
				7E21BF6B1E40F800A02BD93D /* iOSHealth */,
				16328C8352CD30B1129E17F5 /* iOSHealthTests */,
				3007EFB724717ED0541790F7 /* iOSHealthUITests */,
			);
		};
/* End PBXProject section */

/* Begin PBXResourcesBuildPhase section */
		F303CB09709548D5BA8581B3 /* Resources */ = {
			isa = PBXResourcesBuildPhase;
			buildActionMask = 2147483647;
			files = (
				D9F3FB5AB4E24120CE9B305F /* Assets.xcassets in Resources */,
		GOOGLESERVICE00000000002 /* GoogleService-Info.plist in Resources */ = {isa = PBXBuildFile; fileRef = GOOGLESERVICE00000000001 /* GoogleService-Info.plist */; };
			);
			runOnlyForDeploymentPostprocessing = 0;
		};
/* End PBXResourcesBuildPhase section */

/* Begin PBXSourcesBuildPhase section */
		A4D2E07A974442070E73B3A6 /* Sources */ = {
			isa = PBXSourcesBuildPhase;
			buildActionMask = 2147483647;
			files = (
				7132C308EFBB2803E29BEDE2 /* AIChatView.swift in Sources */,
				C7640800CD2BC6AA7711E28A /* AIInsight.swift in Sources */,
				4C9125FD43A750E06CA52F66 /* AIInsightsView.swift in Sources */,
				7248A8876BA47F9A5EE9E219 /* AIViewModel.swift in Sources */,
				F5AFF4F87EB66679C3AC5EDD /* APIConfig.swift in Sources */,
				F6E07336ACDEAF6A7261F9E0 /* ActivityData.swift in Sources */,
				00E7530A61433D887792A791 /* ActivityDetailView.swift in Sources */,
				D4D44C9C39D2E48800CE2930 /* AppCoordinator.swift in Sources */,
				BE9862500C9669DE39216E6E /* AuthNavigationView.swift in Sources */,
				4819430B08752413A0FC66F9 /* AuthService.swift in Sources */,
				2F8E20D4140BBFC64A05EA4D /* AuthViewModel.swift in Sources */,
				491E456CDD4691138CAAE946 /* Color+Extensions.swift in Sources */,
				55ADE3701BB320BB4E9A0F47 /* DashboardView.swift in Sources */,
				DE479DFEF5D728C576C34245 /* DashboardViewModel.swift in Sources */,
				6F2F6A77D8ADF0EA6B65CC85 /* Date+Extensions.swift in Sources */,
				C65C150F064058C65F471706 /* FirestoreService.swift in Sources */,
				E34E7940A4443247CF27CD88 /* GeminiService.swift in Sources */,
				683F21CD99F68D64C800279D /* HealthKitService.swift in Sources */,
				73047FCFCE03CC92B552647E /* HealthMetric.swift in Sources */,
				FC00EB00B091947A45BCE1E7 /* HealthViewModel.swift in Sources */,
				9A6801E5F8D3CE31878C0AC0 /* HeartData.swift in Sources */,
				0E456C785DDED24AAA2545E3 /* HeartRateView.swift in Sources */,
				E6BA056C906C7E34C9C24FA1 /* InsightCardView.swift in Sources */,
				32A3892B8D08F327CC6A8E24 /* InsightDetailView.swift in Sources */,
				7B292E887D41E321F728AEEB /* LoginView.swift in Sources */,
				041293E72291FF412C74C833 /* MainTabView.swift in Sources */,
				774A1D9F9C537E2A65788BA4 /* MetricCardView.swift in Sources */,
				5ABE4FFC8810AF2542276E3E /* OnboardingView.swift in Sources */,
				5D77BCED321FF73A6B33779B /* RecoveryView.swift in Sources */,
				90659BE6DF496D9F75F5B41D /* SettingsView.swift in Sources */,
				994BCF0A67502C627D3F6157 /* SettingsViewModel.swift in Sources */,
				DCA7D2DF071B78323C246361 /* SignUpView.swift in Sources */,
				342179F5F0AF6C526B1DD868 /* SleepData.swift in Sources */,
				229E9FFE11872D6BCCAEBC4A /* SleepDetailView.swift in Sources */,
				E71305A85CA1F517248632F0 /* SyncService.swift in Sources */,
				FD31793BA141ADB16703DE43 /* TrendChartView.swift in Sources */,
				71311687FF52320071283143 /* User.swift in Sources */,
				3570BB6DD2F2D88653EB4200 /* View+Extensions.swift in Sources */,
				8B1E9ADC2E23ED5656352E26 /* iOSHealthApp.swift in Sources */,
			);
			runOnlyForDeploymentPostprocessing = 0;
		};
		B162289A50A04958B92B9AE3 /* Sources */ = {
			isa = PBXSourcesBuildPhase;
			buildActionMask = 2147483647;
			files = (
				CDAF1114F5F904AA3420ABE9 /* iOSHealthTests.swift in Sources */,
			);
			runOnlyForDeploymentPostprocessing = 0;
		};
		D4179A89F78A6043422C4B5C /* Sources */ = {
			isa = PBXSourcesBuildPhase;
			buildActionMask = 2147483647;
			files = (
				DFA9B9F10D303B2E61EA557D /* iOSHealthUITests.swift in Sources */,
			);
			runOnlyForDeploymentPostprocessing = 0;
		};
/* End PBXSourcesBuildPhase section */

/* Begin PBXTargetDependency section */
		5F2ED3D751ED67513BC01929 /* PBXTargetDependency */ = {
			isa = PBXTargetDependency;
			target = 7E21BF6B1E40F800A02BD93D /* iOSHealth */;
			targetProxy = 476CF1BE760D8054027EFCAB /* PBXContainerItemProxy */;
		};
		C50E3732695A46BBFE1FE1FF /* PBXTargetDependency */ = {
			isa = PBXTargetDependency;
			target = 7E21BF6B1E40F800A02BD93D /* iOSHealth */;
			targetProxy = 008A136D00EE7E801F48ED96 /* PBXContainerItemProxy */;
		};
/* End PBXTargetDependency section */

/* Begin XCBuildConfiguration section */
		368601CA9304AEA73367CB55 /* Release */ = {
			isa = XCBuildConfiguration;
			buildSettings = {
				BUNDLE_LOADER = "$(TEST_HOST)";
				LD_RUNPATH_SEARCH_PATHS = (
					"$(inherited)",
					"@executable_path/Frameworks",
					"@loader_path/Frameworks",
				);
				PRODUCT_BUNDLE_IDENTIFIER = com.perfectfools.vitalyTests;
				SDKROOT = iphoneos;
				TARGETED_DEVICE_FAMILY = "1,2";
				TEST_HOST = "$(BUILT_PRODUCTS_DIR)/iOSHealth.app/iOSHealth";
			};
			name = Release;
		};
		39321C3EBCFEEEB63FADDF04 /* Release */ = {
			isa = XCBuildConfiguration;
			buildSettings = {
				BUNDLE_LOADER = "$(TEST_HOST)";
				LD_RUNPATH_SEARCH_PATHS = (
					"$(inherited)",
					"@executable_path/Frameworks",
					"@loader_path/Frameworks",
				);
				PRODUCT_BUNDLE_IDENTIFIER = com.perfectfools.vitalyUITests;
				SDKROOT = iphoneos;
				TARGETED_DEVICE_FAMILY = "1,2";
				TEST_TARGET_NAME = iOSHealth;
			};
			name = Release;
		};
		44520E936EAF4B5ED127CE70 /* Debug */ = {
			isa = XCBuildConfiguration;
			buildSettings = {
				BUNDLE_LOADER = "$(TEST_HOST)";
				LD_RUNPATH_SEARCH_PATHS = (
					"$(inherited)",
					"@executable_path/Frameworks",
					"@loader_path/Frameworks",
				);
				PRODUCT_BUNDLE_IDENTIFIER = com.perfectfools.vitalyTests;
				SDKROOT = iphoneos;
				TARGETED_DEVICE_FAMILY = "1,2";
				TEST_HOST = "$(BUILT_PRODUCTS_DIR)/iOSHealth.app/iOSHealth";
			};
			name = Debug;
		};
		6C1F71782A61E05BA2C96604 /* Release */ = {
			isa = XCBuildConfiguration;
			buildSettings = {
				ASSETCATALOG_COMPILER_APPICON_NAME = AppIcon;
				ASSETCATALOG_COMPILER_GLOBAL_ACCENT_COLOR_NAME = AccentColor;
				CODE_SIGN_ENTITLEMENTS = iOSHealth/iOSHealth.entitlements;
				CODE_SIGN_IDENTITY = "iPhone Developer";
				INFOPLIST_FILE = iOSHealth/Resources/Info.plist;
				LD_RUNPATH_SEARCH_PATHS = (
					"$(inherited)",
					"@executable_path/Frameworks",
				);
				PRODUCT_BUNDLE_IDENTIFIER = com.perfectfools.vitaly;
				SDKROOT = iphoneos;
				TARGETED_DEVICE_FAMILY = 1;
			};
			name = Release;
		};
		8FFD2161E710F5D6D743FA8F /* Debug */ = {
			isa = XCBuildConfiguration;
			buildSettings = {
				BUNDLE_LOADER = "$(TEST_HOST)";
				LD_RUNPATH_SEARCH_PATHS = (
					"$(inherited)",
					"@executable_path/Frameworks",
					"@loader_path/Frameworks",
				);
				PRODUCT_BUNDLE_IDENTIFIER = com.perfectfools.vitalyUITests;
				SDKROOT = iphoneos;
				TARGETED_DEVICE_FAMILY = "1,2";
				TEST_TARGET_NAME = iOSHealth;
			};
			name = Debug;
		};
		C87A456857E0CC8A24764347 /* Debug */ = {
			isa = XCBuildConfiguration;
			buildSettings = {
				ASSETCATALOG_COMPILER_APPICON_NAME = AppIcon;
				ASSETCATALOG_COMPILER_GLOBAL_ACCENT_COLOR_NAME = AccentColor;
				CODE_SIGN_ENTITLEMENTS = iOSHealth/iOSHealth.entitlements;
				CODE_SIGN_IDENTITY = "iPhone Developer";
				INFOPLIST_FILE = iOSHealth/Resources/Info.plist;
				LD_RUNPATH_SEARCH_PATHS = (
					"$(inherited)",
					"@executable_path/Frameworks",
				);
				PRODUCT_BUNDLE_IDENTIFIER = com.perfectfools.vitaly;
				SDKROOT = iphoneos;
				TARGETED_DEVICE_FAMILY = 1;
			};
			name = Debug;
		};
		D5D4E4600598EF4195CDE395 /* Release */ = {
			isa = XCBuildConfiguration;
			buildSettings = {
				ALWAYS_SEARCH_USER_PATHS = NO;
				CLANG_ANALYZER_NONNULL = YES;
				CLANG_ANALYZER_NUMBER_OBJECT_CONVERSION = YES_AGGRESSIVE;
				CLANG_CXX_LANGUAGE_STANDARD = "gnu++14";
				CLANG_CXX_LIBRARY = "libc++";
				CLANG_ENABLE_MODULES = YES;
				CLANG_ENABLE_OBJC_ARC = YES;
				CLANG_ENABLE_OBJC_WEAK = YES;
				CLANG_WARN_BLOCK_CAPTURE_AUTORELEASING = YES;
				CLANG_WARN_BOOL_CONVERSION = YES;
				CLANG_WARN_COMMA = YES;
				CLANG_WARN_CONSTANT_CONVERSION = YES;
				CLANG_WARN_DEPRECATED_OBJC_IMPLEMENTATIONS = YES;
				CLANG_WARN_DIRECT_OBJC_ISA_USAGE = YES_ERROR;
				CLANG_WARN_DOCUMENTATION_COMMENTS = YES;
				CLANG_WARN_EMPTY_BODY = YES;
				CLANG_WARN_ENUM_CONVERSION = YES;
				CLANG_WARN_INFINITE_RECURSION = YES;
				CLANG_WARN_INT_CONVERSION = YES;
				CLANG_WARN_NON_LITERAL_NULL_CONVERSION = YES;
				CLANG_WARN_OBJC_IMPLICIT_RETAIN_SELF = YES;
				CLANG_WARN_OBJC_LITERAL_CONVERSION = YES;
				CLANG_WARN_OBJC_ROOT_CLASS = YES_ERROR;
				CLANG_WARN_QUOTED_INCLUDE_IN_FRAMEWORK_HEADER = YES;
				CLANG_WARN_RANGE_LOOP_ANALYSIS = YES;
				CLANG_WARN_STRICT_PROTOTYPES = YES;
				CLANG_WARN_SUSPICIOUS_MOVE = YES;
				CLANG_WARN_UNGUARDED_AVAILABILITY = YES_AGGRESSIVE;
				CLANG_WARN_UNREACHABLE_CODE = YES;
				CLANG_WARN__DUPLICATE_METHOD_MATCH = YES;
				CODE_SIGN_STYLE = Automatic;
				COPY_PHASE_STRIP = NO;
				CURRENT_PROJECT_VERSION = 1;
				DEBUG_INFORMATION_FORMAT = "dwarf-with-dsym";
				DEVELOPMENT_TEAM = "";
				ENABLE_NS_ASSERTIONS = NO;
				ENABLE_STRICT_OBJC_MSGSEND = YES;
				GCC_C_LANGUAGE_STANDARD = gnu11;
				GCC_NO_COMMON_BLOCKS = YES;
				GCC_WARN_64_TO_32_BIT_CONVERSION = YES;
				GCC_WARN_ABOUT_RETURN_TYPE = YES_ERROR;
				GCC_WARN_UNDECLARED_SELECTOR = YES;
				GCC_WARN_UNINITIALIZED_AUTOS = YES_AGGRESSIVE;
				GCC_WARN_UNUSED_FUNCTION = YES;
				GCC_WARN_UNUSED_VARIABLE = YES;
				INFOPLIST_FILE = iOSHealth/Resources/Info.plist;
				IPHONEOS_DEPLOYMENT_TARGET = 17.0;
				MARKETING_VERSION = 1.0;
				MTL_ENABLE_DEBUG_INFO = NO;
				MTL_FAST_MATH = YES;
				PRODUCT_NAME = "$(TARGET_NAME)";
				SDKROOT = iphoneos;
				SWIFT_COMPILATION_MODE = wholemodule;
				SWIFT_OPTIMIZATION_LEVEL = "-O";
				SWIFT_VERSION = 5.9;
			};
			name = Release;
		};
		D6B382D6731142C58293F802 /* Debug */ = {
			isa = XCBuildConfiguration;
			buildSettings = {
				ALWAYS_SEARCH_USER_PATHS = NO;
				CLANG_ANALYZER_NONNULL = YES;
				CLANG_ANALYZER_NUMBER_OBJECT_CONVERSION = YES_AGGRESSIVE;
				CLANG_CXX_LANGUAGE_STANDARD = "gnu++14";
				CLANG_CXX_LIBRARY = "libc++";
				CLANG_ENABLE_MODULES = YES;
				CLANG_ENABLE_OBJC_ARC = YES;
				CLANG_ENABLE_OBJC_WEAK = YES;
				CLANG_WARN_BLOCK_CAPTURE_AUTORELEASING = YES;
				CLANG_WARN_BOOL_CONVERSION = YES;
				CLANG_WARN_COMMA = YES;
				CLANG_WARN_CONSTANT_CONVERSION = YES;
				CLANG_WARN_DEPRECATED_OBJC_IMPLEMENTATIONS = YES;
				CLANG_WARN_DIRECT_OBJC_ISA_USAGE = YES_ERROR;
				CLANG_WARN_DOCUMENTATION_COMMENTS = YES;
				CLANG_WARN_EMPTY_BODY = YES;
				CLANG_WARN_ENUM_CONVERSION = YES;
				CLANG_WARN_INFINITE_RECURSION = YES;
				CLANG_WARN_INT_CONVERSION = YES;
				CLANG_WARN_NON_LITERAL_NULL_CONVERSION = YES;
				CLANG_WARN_OBJC_IMPLICIT_RETAIN_SELF = YES;
				CLANG_WARN_OBJC_LITERAL_CONVERSION = YES;
				CLANG_WARN_OBJC_ROOT_CLASS = YES_ERROR;
				CLANG_WARN_QUOTED_INCLUDE_IN_FRAMEWORK_HEADER = YES;
				CLANG_WARN_RANGE_LOOP_ANALYSIS = YES;
				CLANG_WARN_STRICT_PROTOTYPES = YES;
				CLANG_WARN_SUSPICIOUS_MOVE = YES;
				CLANG_WARN_UNGUARDED_AVAILABILITY = YES_AGGRESSIVE;
				CLANG_WARN_UNREACHABLE_CODE = YES;
				CLANG_WARN__DUPLICATE_METHOD_MATCH = YES;
				CODE_SIGN_STYLE = Automatic;
				COPY_PHASE_STRIP = NO;
				CURRENT_PROJECT_VERSION = 1;
				DEBUG_INFORMATION_FORMAT = dwarf;
				DEVELOPMENT_TEAM = "";
				ENABLE_STRICT_OBJC_MSGSEND = YES;
				ENABLE_TESTABILITY = YES;
				GCC_C_LANGUAGE_STANDARD = gnu11;
				GCC_DYNAMIC_NO_PIC = NO;
				GCC_NO_COMMON_BLOCKS = YES;
				GCC_OPTIMIZATION_LEVEL = 0;
				GCC_PREPROCESSOR_DEFINITIONS = (
					"$(inherited)",
					"DEBUG=1",
				);
				GCC_WARN_64_TO_32_BIT_CONVERSION = YES;
				GCC_WARN_ABOUT_RETURN_TYPE = YES_ERROR;
				GCC_WARN_UNDECLARED_SELECTOR = YES;
				GCC_WARN_UNINITIALIZED_AUTOS = YES_AGGRESSIVE;
				GCC_WARN_UNUSED_FUNCTION = YES;
				GCC_WARN_UNUSED_VARIABLE = YES;
				INFOPLIST_FILE = iOSHealth/Resources/Info.plist;
				IPHONEOS_DEPLOYMENT_TARGET = 17.0;
				MARKETING_VERSION = 1.0;
				MTL_ENABLE_DEBUG_INFO = INCLUDE_SOURCE;
				MTL_FAST_MATH = YES;
				ONLY_ACTIVE_ARCH = YES;
				PRODUCT_NAME = "$(TARGET_NAME)";
				SDKROOT = iphoneos;
				SWIFT_ACTIVE_COMPILATION_CONDITIONS = DEBUG;
				SWIFT_OPTIMIZATION_LEVEL = "-Onone";
				SWIFT_VERSION = 5.9;
			};
			name = Debug;
		};
/* End XCBuildConfiguration section */

/* Begin XCConfigurationList section */
		1DF47CA971CD7D2DB0C2DF76 /* Build configuration list for PBXNativeTarget "iOSHealth" */ = {
			isa = XCConfigurationList;
			buildConfigurations = (
				C87A456857E0CC8A24764347 /* Debug */,
				6C1F71782A61E05BA2C96604 /* Release */,
			);
			defaultConfigurationIsVisible = 0;
			defaultConfigurationName = Debug;
		};
		BD1F10A7550EFEF9957C1661 /* Build configuration list for PBXNativeTarget "iOSHealthTests" */ = {
			isa = XCConfigurationList;
			buildConfigurations = (
				44520E936EAF4B5ED127CE70 /* Debug */,
				368601CA9304AEA73367CB55 /* Release */,
			);
			defaultConfigurationIsVisible = 0;
			defaultConfigurationName = Debug;
		};
		C88AF33BB442D246BB0A17E6 /* Build configuration list for PBXNativeTarget "iOSHealthUITests" */ = {
			isa = XCConfigurationList;
			buildConfigurations = (
				8FFD2161E710F5D6D743FA8F /* Debug */,
				39321C3EBCFEEEB63FADDF04 /* Release */,
			);
			defaultConfigurationIsVisible = 0;
			defaultConfigurationName = Debug;
		};
		E0E0955E47ACDEDCA405C69E /* Build configuration list for PBXProject "iOSHealth" */ = {
			isa = XCConfigurationList;
			buildConfigurations = (
				D6B382D6731142C58293F802 /* Debug */,
				D5D4E4600598EF4195CDE395 /* Release */,
			);
			defaultConfigurationIsVisible = 0;
			defaultConfigurationName = Debug;
		};
/* End XCConfigurationList section */

/* Begin XCRemoteSwiftPackageReference section */
		4C13B1DEC8FA2951AC1987C5 /* XCRemoteSwiftPackageReference "generative-ai-swift" */ = {
			isa = XCRemoteSwiftPackageReference;
			repositoryURL = "https://github.com/google/generative-ai-swift";
			requirement = {
				kind = upToNextMajorVersion;
				minimumVersion = 0.5.0;
			};
		};
		CBE10243A14FDA770379A4CF /* XCRemoteSwiftPackageReference "firebase-ios-sdk" */ = {
			isa = XCRemoteSwiftPackageReference;
			repositoryURL = "https://github.com/firebase/firebase-ios-sdk";
			requirement = {
				kind = upToNextMajorVersion;
				minimumVersion = 11.0.0;
			};
		};
/* End XCRemoteSwiftPackageReference section */

/* Begin XCSwiftPackageProductDependency section */
		11320CFF9AD99FB9B33A171F /* FirebaseAuth */ = {
			isa = XCSwiftPackageProductDependency;
			package = CBE10243A14FDA770379A4CF /* XCRemoteSwiftPackageReference "firebase-ios-sdk" */;
			productName = FirebaseAuth;
		};
		4B3FB968E49E3154822A1E98 /* FirebaseFirestore */ = {
			isa = XCSwiftPackageProductDependency;
			package = CBE10243A14FDA770379A4CF /* XCRemoteSwiftPackageReference "firebase-ios-sdk" */;
			productName = FirebaseFirestore;
		};
		A9227F637177C7D00239EFC9 /* GoogleGenerativeAI */ = {
			isa = XCSwiftPackageProductDependency;
			package = 4C13B1DEC8FA2951AC1987C5 /* XCRemoteSwiftPackageReference "generative-ai-swift" */;
			productName = GoogleGenerativeAI;
		};
/* End XCSwiftPackageProductDependency section */
	};
	rootObject = 44865E16E03E054FE2EE58C4 /* Project object */;
}
